
Microsoft Visual Studio Solution File, Format Version 12.00
# Visual Studio 15
VisualStudioVersion = 15.0.28307.705
MinimumVisualStudioVersion = 10.0.40219.1
Project("{FAE04EC0-301F-11D3-BF4B-00C04F79EFBC}") = "PaymentGatewayApp", "PaymentGatewayApp\PaymentGatewayApp.csproj", "{2257F9A9-2E8E-4550-9219-8B9A82079BA6}"
EndProject
Project("{FAE04EC0-301F-11D3-BF4B-00C04F79EFBC}") = "Contracts", "Contracts\Contracts.csproj", "{0108E601-50FA-40FA-80BC-AFE7909CE889}"
EndProject
Project("{FAE04EC0-301F-11D3-BF4B-00C04F79EFBC}") = "LoggerService", "LoggerService\LoggerService.csproj", "{AB21E36E-69BB-4D72-8F64-B2A6CF5F05B1}"
EndProject
Project("{FAE04EC0-301F-11D3-BF4B-00C04F79EFBC}") = "Entities", "Entities\Entities.csproj", "{4ED86CF1-F210-4507-94DC-BB5E0C2AC5EB}"
EndProject
Project("{FAE04EC0-301F-11D3-BF4B-00C04F79EFBC}") = "Repository", "Repository\Repository.csproj", "{D6FAE4EA-F2DF-427B-AB64-BF483195EE08}"
EndProject
Global
	GlobalSection(SolutionConfigurationPlatforms) = preSolution
		Debug|Any CPU = Debug|Any CPU
		Release|Any CPU = Release|Any CPU
	EndGlobalSection
	GlobalSection(ProjectConfigurationPlatforms) = postSolution
		{2257F9A9-2E8E-4550-9219-8B9A82079BA6}.Debug|Any CPU.ActiveCfg = Debug|Any CPU
		{2257F9A9-2E8E-4550-9219-8B9A82079BA6}.Debug|Any CPU.Build.0 = Debug|Any CPU
		{2257F9A9-2E8E-4550-9219-8B9A82079BA6}.Release|Any CPU.ActiveCfg = Release|Any CPU
		{2257F9A9-2E8E-4550-9219-8B9A82079BA6}.Release|Any CPU.Build.0 = Release|Any CPU
		{0108E601-50FA-40FA-80BC-AFE7909CE889}.Debug|Any CPU.ActiveCfg = Debug|Any CPU
		{0108E601-50FA-40FA-80BC-AFE7909CE889}.Debug|Any CPU.Build.0 = Debug|Any CPU
		{0108E601-50FA-40FA-80BC-AFE7909CE889}.Release|Any CPU.ActiveCfg = Release|Any CPU
		{0108E601-50FA-40FA-80BC-AFE7909CE889}.Release|Any CPU.Build.0 = Release|Any CPU
		{AB21E36E-69BB-4D72-8F64-B2A6CF5F05B1}.Debug|Any CPU.ActiveCfg = Debug|Any CPU
		{AB21E36E-69BB-4D72-8F64-B2A6CF5F05B1}.Debug|Any CPU.Build.0 = Debug|Any CPU
		{AB21E36E-69BB-4D72-8F64-B2A6CF5F05B1}.Release|Any CPU.ActiveCfg = Release|Any CPU
		{AB21E36E-69BB-4D72-8F64-B2A6CF5F05B1}.Release|Any CPU.Build.0 = Release|Any CPU
		{4ED86CF1-F210-4507-94DC-BB5E0C2AC5EB}.Debug|Any CPU.ActiveCfg = Debug|Any CPU
		{4ED86CF1-F210-4507-94DC-BB5E0C2AC5EB}.Debug|Any CPU.Build.0 = Debug|Any CPU
		{4ED86CF1-F210-4507-94DC-BB5E0C2AC5EB}.Release|Any CPU.ActiveCfg = Release|Any CPU
		{4ED86CF1-F210-4507-94DC-BB5E0C2AC5EB}.Release|Any CPU.Build.0 = Release|Any CPU
		{D6FAE4EA-F2DF-427B-AB64-BF483195EE08}.Debug|Any CPU.ActiveCfg = Debug|Any CPU
		{D6FAE4EA-F2DF-427B-AB64-BF483195EE08}.Debug|Any CPU.Build.0 = Debug|Any CPU
		{D6FAE4EA-F2DF-427B-AB64-BF483195EE08}.Release|Any CPU.ActiveCfg = Release|Any CPU
		{D6FAE4EA-F2DF-427B-AB64-BF483195EE08}.Release|Any CPU.Build.0 = Release|Any CPU
	EndGlobalSection
	GlobalSection(SolutionProperties) = preSolution
		HideSolutionNode = FALSE
	EndGlobalSection
	GlobalSection(ExtensibilityGlobals) = postSolution
		SolutionGuid = {01BCDC57-8673-47D2-8DDB-7D5B1A24D6AE}
	EndGlobalSection
EndGlobal
